
Microsoft Visual Studio Solution File, Format Version 12.00
# Visual Studio Version 17
VisualStudioVersion = 17.2.32630.192
MinimumVisualStudioVersion = 10.0.40219.1
Project("{FAE04EC0-301F-11D3-BF4B-00C04F79EFBC}") = "IMC-1", "IMC-1\IMC-1.csproj", "{A053241D-CCB7-4603-9BE0-42BF9127E5BF}"
EndProject
Global
	GlobalSection(SolutionConfigurationPlatforms) = preSolution
		Debug|Any CPU = Debug|Any CPU
		Release|Any CPU = Release|Any CPU
	EndGlobalSection
	GlobalSection(ProjectConfigurationPlatforms) = postSolution
		{A053241D-CCB7-4603-9BE0-42BF9127E5BF}.Debug|Any CPU.ActiveCfg = Debug|Any CPU
		{A053241D-CCB7-4603-9BE0-42BF9127E5BF}.Debug|Any CPU.Build.0 = Debug|Any CPU
		{A053241D-CCB7-4603-9BE0-42BF9127E5BF}.Release|Any CPU.ActiveCfg = Release|Any CPU
		{A053241D-CCB7-4603-9BE0-42BF9127E5BF}.Release|Any CPU.Build.0 = Release|Any CPU
	EndGlobalSection
	GlobalSection(SolutionProperties) = preSolution
		HideSolutionNode = FALSE
	EndGlobalSection
	GlobalSection(ExtensibilityGlobals) = postSolution
		SolutionGuid = {1D02B103-06F9-49DC-B9CB-40D613387D33}
	EndGlobalSection
EndGlobal
